{
  "name": "terrible-word-search",
  "version": "1.0.0",
  "lockfileVersion": 1,
  "requires": true,
  "dependencies": {
    "@reverse/array": {
      "version": "1.7.3",
      "resolved": "https://registry.npmjs.org/@reverse/array/-/array-1.7.3.tgz",
      "integrity": "sha512-JigNLnWvc9Rp8owFMa2KrF1mRWxLZVZAHrHE6kaV5SRyoH5svn/oVmkljSFai9XJGhjTrdwHv1ybFw7T0UbRKA==",
      "requires": {
        "@reverse/random": "^1.0.12"
      }
    },
    "@reverse/random": {
      "version": "1.0.12",
      "resolved": "https://registry.npmjs.org/@reverse/random/-/random-1.0.12.tgz",
      "integrity": "sha512-py07fb37Jj/v1Gvf71sqJ4KH8o8aRVH+KudEDPEvKDEF/HXgTlqI9XKumJF/OVLXShMSK/PQw7nAWn8SdS7LvQ=="
    }
  }
}
